lockfileVersion: 5.4

specifiers:
  '@rollup/plugin-terser': ^0.4.0
  '@types/node': ^18.13.0
  '@types/tampermonkey': ^4.0.10
  chalk: ^4.1.2
  ora: ^4.1.1
  rollup: ^3.15.0
  ts-node: ^10.9.1
  typescript: ^4.9.5

devDependencies:
  '@rollup/plugin-terser': 0.4.0_rollup@3.15.0
  '@types/node': 18.13.0
  '@types/tampermonkey': 4.0.10
  chalk: 4.1.2
  ora: 4.1.1
  rollup: 3.15.0
  ts-node: 10.9.1_4bewfcp2iebiwuold25d6rgcsy
  typescript: 4.9.5

packages:

  /@cspotcode/source-map-support/0.8.1:
    resolution: {integrity: sha512-IchNf6dN4tHoMFIn/7OE8LWZ19Y6q/67Bmf6vnGREv8RSbBVb9LPJxEcnwrcwX6ixSvaiGoomAUvu4YSxXrVgw==}
    engines: {node: '>=12'}
    dependencies:
      '@jridgewell/trace-mapping': 0.3.9
    dev: true

  /@jridgewell/gen-mapping/0.3.2:
    resolution: {integrity: sha512-mh65xKQAzI6iBcFzwv28KVWSmCkdRBWoOh+bYQGW3+6OZvbbN3TqMGo5hqYxQniRcH9F2VZIoJCm4pa3BPDK/A==}
    engines: {node: '>=6.0.0'}
    dependencies:
      '@jridgewell/set-array': 1.1.2
      '@jridgewell/sourcemap-codec': 1.4.14
      '@jridgewell/trace-mapping': 0.3.17
    dev: true

  /@jridgewell/resolve-uri/3.1.0:
    resolution: {integrity: sha512-F2msla3tad+Mfht5cJq7LSXcdudKTWCVYUgw6pLFOOHSTtZlj6SWNYAp+AhuqLmWdBO2X5hPrLcu8cVP8fy28w==}
    engines: {node: '>=6.0.0'}
    dev: true

  /@jridgewell/set-array/1.1.2:
    resolution: {integrity: sha512-xnkseuNADM0gt2bs+BvhO0p78Mk762YnZdsuzFV018NoG1Sj1SCQvpSqa7XUaTam5vAGasABV9qXASMKnFMwMw==}
    engines: {node: '>=6.0.0'}
    dev: true

  /@jridgewell/source-map/0.3.2:
    resolution: {integrity: sha512-m7O9o2uR8k2ObDysZYzdfhb08VuEml5oWGiosa1VdaPZ/A6QyPkAJuwN0Q1lhULOf6B7MtQmHENS743hWtCrgw==}
    dependencies:
      '@jridgewell/gen-mapping': 0.3.2
      '@jridgewell/trace-mapping': 0.3.17
    dev: true

  /@jridgewell/sourcemap-codec/1.4.14:
    resolution: {integrity: sha512-XPSJHWmi394fuUuzDnGz1wiKqWfo1yXecHQMRf2l6hztTO+nPru658AyDngaBe7isIxEkRsPR3FZh+s7iVa4Uw==}
    dev: true

  /@jridgewell/trace-mapping/0.3.17:
    resolution: {integrity: sha512-MCNzAp77qzKca9+W/+I0+sEpaUnZoeasnghNeVc41VZCEKaCH73Vq3BZZ/SzWIgrqE4H4ceI+p+b6C0mHf9T4g==}
    dependencies:
      '@jridgewell/resolve-uri': 3.1.0
      '@jridgewell/sourcemap-codec': 1.4.14
    dev: true

  /@jridgewell/trace-mapping/0.3.9:
    resolution: {integrity: sha512-3Belt6tdc8bPgAtbcmdtNJlirVoTmEb5e2gC94PnkwEW9jI6CAHUeoG85tjWP5WquqfavoMtMwiG4P926ZKKuQ==}
    dependencies:
      '@jridgewell/resolve-uri': 3.1.0
      '@jridgewell/sourcemap-codec': 1.4.14
    dev: true

  /@rollup/plugin-terser/0.4.0_rollup@3.15.0:
    resolution: {integrity: sha512-Ipcf3LPNerey1q9ZMjiaWHlNPEHNU/B5/uh9zXLltfEQ1lVSLLeZSgAtTPWGyw8Ip1guOeq+mDtdOlEj/wNxQw==}
    engines: {node: '>=14.0.0'}
    peerDependencies:
      rollup: ^2.x || ^3.x
    peerDependenciesMeta:
      rollup:
        optional: true
    dependencies:
      rollup: 3.15.0
      serialize-javascript: 6.0.1
      smob: 0.0.6
      terser: 5.16.3
    dev: true

  /@tsconfig/node10/1.0.9:
    resolution: {integrity: sha512-jNsYVVxU8v5g43Erja32laIDHXeoNvFEpX33OK4d6hljo3jDhCBDhx5dhCCTMWUojscpAagGiRkBKxpdl9fxqA==}
    dev: true

  /@tsconfig/node12/1.0.11:
    resolution: {integrity: sha512-cqefuRsh12pWyGsIoBKJA9luFu3mRxCA+ORZvA4ktLSzIuCUtWVxGIuXigEwO5/ywWFMZ2QEGKWvkZG1zDMTag==}
    dev: true

  /@tsconfig/node14/1.0.3:
    resolution: {integrity: sha512-ysT8mhdixWK6Hw3i1V2AeRqZ5WfXg1G43mqoYlM2nc6388Fq5jcXyr5mRsqViLx/GJYdoL0bfXD8nmF+Zn/Iow==}
    dev: true

  /@tsconfig/node16/1.0.3:
    resolution: {integrity: sha512-yOlFc+7UtL/89t2ZhjPvvB/DeAr3r+Dq58IgzsFkOAvVC6NMJXmCGjbptdXdR9qsX7pKcTL+s87FtYREi2dEEQ==}
    dev: true

  /@types/node/18.13.0:
    resolution: {integrity: sha512-gC3TazRzGoOnoKAhUx+Q0t8S9Tzs74z7m0ipwGpSqQrleP14hKxP4/JUeEQcD3W1/aIpnWl8pHowI7WokuZpXg==}
    dev: true

  /@types/tampermonkey/4.0.10:
    resolution: {integrity: sha512-E3SYtXgeXG/nnq6uAPiZh7i0XA8jLbtiXraxxHTnsSjzQcQMxWBzbcoGkHgiC+zbHXxxkynUT9zt85SpF8loNw==}
    dev: true

  /acorn-walk/8.2.0:
    resolution: {integrity: sha512-k+iyHEuPgSw6SbuDpGQM+06HQUa04DZ3o+F6CSzXMvvI5KMvnaEqXe+YVe555R9nn6GPt404fos4wcgpw12SDA==}
    engines: {node: '>=0.4.0'}
    dev: true

  /acorn/8.8.2:
    resolution: {integrity: sha512-xjIYgE8HBrkpd/sJqOGNspf8uHG+NOHGOw6a/Urj8taM2EXfdNAH2oFcPeIFfsv3+kz/mJrS5VuMqbNLjCa2vw==}
    engines: {node: '>=0.4.0'}
    hasBin: true
    dev: true

  /ansi-regex/5.0.1:
    resolution: {integrity: sha512-quJQXlTSUGL2LH9SUXo8VwsY4soanhgo6LNSm84E1LBcE8s3O0wpdiRzyR9z/ZZJMlMWv37qOOb9pdJlMUEKFQ==}
    engines: {node: '>=8'}
    dev: true

  /ansi-styles/3.2.1:
    resolution: {integrity: sha512-VT0ZI6kZRdTh8YyJw3SMbYm/u+NqfsAxEpWO0Pf9sq8/e94WxxOpPKx9FR1FlyCtOVDNOQ+8ntlqFxiRc+r5qA==}
    engines: {node: '>=4'}
    dependencies:
      color-convert: 1.9.3
    dev: true

  /ansi-styles/4.3.0:
    resolution: {integrity: sha512-zbB9rCJAT1rbjiVDb2hqKFHNYLxgtk8NURxZ3IZwD3F6NtxbXZQCnnSi1Lkx+IDohdPlFp222wVALIheZJQSEg==}
    engines: {node: '>=8'}
    dependencies:
      color-convert: 2.0.1
    dev: true

  /arg/4.1.3:
    resolution: {integrity: sha512-58S9QDqG0Xx27YwPSt9fJxivjYl432YCwfDMfZ+71RAqUrZef7LrKQZ3LHLOwCS4FLNBplP533Zx895SeOCHvA==}
    dev: true

  /buffer-from/1.1.2:
    resolution: {integrity: sha512-E+XQCRwSbaaiChtv6k6Dwgc+bx+Bs6vuKJHHl5kox/BaKbhiXzqQOwK4cO22yElGp2OCmjwVhT3HmxgyPGnJfQ==}
    dev: true

  /chalk/2.4.2:
    resolution: {integrity: sha512-Mti+f9lpJNcwF4tWV8/OrTTtF1gZi+f8FqlyAdouralcFWFQWF2+NgCHShjkCb+IFBLq9buZwE1xckQU4peSuQ==}
    engines: {node: '>=4'}
    dependencies:
      ansi-styles: 3.2.1
      escape-string-regexp: 1.0.5
      supports-color: 5.5.0
    dev: true

  /chalk/3.0.0:
    resolution: {integrity: sha512-4D3B6Wf41KOYRFdszmDqMCGq5VV/uMAB273JILmO+3jAlh8X4qDtdtgCR3fxtbLEMzSx22QdhnDcJvu2u1fVwg==}
    engines: {node: '>=8'}
    dependencies:
      ansi-styles: 4.3.0
      supports-color: 7.2.0
    dev: true

  /chalk/4.1.2:
    resolution: {integrity: sha512-oKnbhFyRIXpUuez8iBMmyEa4nbj4IOQyuhc/wy9kY7/WVPcwIO9VA668Pu8RkO7+0G76SLROeyw9CpQ061i4mA==}
    engines: {node: '>=10'}
    dependencies:
      ansi-styles: 4.3.0
      supports-color: 7.2.0
    dev: true

  /cli-cursor/3.1.0:
    resolution: {integrity: sha512-I/zHAwsKf9FqGoXM4WWRACob9+SNukZTd94DWF57E4toouRulbCxcUh6RKUEOQlYTHJnzkPMySvPNaaSLNfLZw==}
    engines: {node: '>=8'}
    dependencies:
      restore-cursor: 3.1.0
    dev: true

  /cli-spinners/2.7.0:
    resolution: {integrity: sha512-qu3pN8Y3qHNgE2AFweciB1IfMnmZ/fsNTEE+NOFjmGB2F/7rLhnhzppvpCnN4FovtP26k8lHyy9ptEbNwWFLzw==}
    engines: {node: '>=6'}
    dev: true

  /clone/1.0.4:
    resolution: {integrity: sha512-JQHZ2QMW6l3aH/j6xCqQThY/9OH4D/9ls34cgkUBiEeocRTU04tHfKPBsUK1PqZCUQM7GiA0IIXJSuXHI64Kbg==}
    engines: {node: '>=0.8'}
    dev: true

  /color-convert/1.9.3:
    resolution: {integrity: sha512-QfAUtd+vFdAtFQcC8CCyYt1fYWxSqAiK2cSD6zDB8N3cpsEBAvRxp9zOGg6G/SHHJYAT88/az/IuDGALsNVbGg==}
    dependencies:
      color-name: 1.1.3
    dev: true

  /color-convert/2.0.1:
    resolution: {integrity: sha512-RRECPsj7iu/xb5oKYcsFHSppFNnsj/52OVTRKb4zP5onXwVF3zVmmToNcOfGC+CRDpfK/U584fMg38ZHCaElKQ==}
    engines: {node: '>=7.0.0'}
    dependencies:
      color-name: 1.1.4
    dev: true

  /color-name/1.1.3:
    resolution: {integrity: sha512-72fSenhMw2HZMTVHeCA9KCmpEIbzWiQsjN+BHcBbS9vr1mtt+vJjPdksIBNUmKAW8TFUDPJK5SUU3QhE9NEXDw==}
    dev: true

  /color-name/1.1.4:
    resolution: {integrity: sha512-dOy+3AuW3a2wNbZHIuMZpTcgjGuLU/uBL/ubcZF9OXbDo8ff4O8yVp5Bf0efS8uEoYo5q4Fx7dY9OgQGXgAsQA==}
    dev: true

  /commander/2.20.3:
    resolution: {integrity: sha512-GpVkmM8vF2vQUkj2LvZmD35JxeJOLCwJ9cUkugyk2nuhbv3+mJvpLYYt+0+USMxE+oj+ey/lJEnhZw75x/OMcQ==}
    dev: true

  /create-require/1.1.1:
    resolution: {integrity: sha512-dcKFX3jn0MpIaXjisoRvexIJVEKzaq7z2rZKxf+MSr9TkdmHmsU4m2lcLojrj/FHl8mk5VxMmYA+ftRkP/3oKQ==}
    dev: true

  /defaults/1.0.4:
    resolution: {integrity: sha512-eFuaLoy/Rxalv2kr+lqMlUnrDWV+3j4pljOIJgLIhI058IQfWJ7vXhyEIHu+HtC738klGALYxOKDO0bQP3tg8A==}
    dependencies:
      clone: 1.0.4
    dev: true

  /diff/4.0.2:
    resolution: {integrity: sha512-58lmxKSA4BNyLz+HHMUzlOEpg09FV+ev6ZMe3vJihgdxzgcwZ8VoEEPmALCZG9LmqfVoNMMKpttIYTVG6uDY7A==}
    engines: {node: '>=0.3.1'}
    dev: true

  /escape-string-regexp/1.0.5:
    resolution: {integrity: sha512-vbRorB5FUQWvla16U8R/qgaFIya2qGzwDrNmCZuYKrbdSUMG6I1ZCGQRefkRVhuOkIGVne7BQ35DSfo1qvJqFg==}
    engines: {node: '>=0.8.0'}
    dev: true

  /fsevents/2.3.2:
    resolution: {integrity: sha512-xiqMQR4xAeHTuB9uWm+fFRcIOgKBMiOBP+eXiyT7jsgVCq1bkVygt00oASowB7EdtpOHaaPgKt812P9ab+DDKA==}
    engines: {node: ^8.16.0 || ^10.6.0 || >=11.0.0}
    os: [darwin]
    requiresBuild: true
    dev: true
    optional: true

  /has-flag/3.0.0:
    resolution: {integrity: sha512-sKJf1+ceQBr4SMkvQnBDNDtf4TXpVhVGateu0t918bl30FnbE2m4vNLX+VWe/dpjlb+HugGYzW7uQXH98HPEYw==}
    engines: {node: '>=4'}
    dev: true

  /has-flag/4.0.0:
    resolution: {integrity: sha512-EykJT/Q1KjTWctppgIAgfSO0tKVuZUjhgMr17kqTumMl6Afv3EISleU7qZUzoXDFTAHTDC4NOoG/ZxU3EvlMPQ==}
    engines: {node: '>=8'}
    dev: true

  /is-interactive/1.0.0:
    resolution: {integrity: sha512-2HvIEKRoqS62guEC+qBjpvRubdX910WCMuJTZ+I9yvqKU2/12eSL549HMwtabb4oupdj2sMP50k+XJfB/8JE6w==}
    engines: {node: '>=8'}
    dev: true

  /log-symbols/3.0.0:
    resolution: {integrity: sha512-dSkNGuI7iG3mfvDzUuYZyvk5dD9ocYCYzNU6CYDE6+Xqd+gwme6Z00NS3dUh8mq/73HaEtT7m6W+yUPtU6BZnQ==}
    engines: {node: '>=8'}
    dependencies:
      chalk: 2.4.2
    dev: true

  /make-error/1.3.6:
    resolution: {integrity: sha512-s8UhlNe7vPKomQhC1qFelMokr/Sc3AgNbso3n74mVPA5LTZwkB9NlXf4XPamLxJE8h0gh73rM94xvwRT2CVInw==}
    dev: true

  /mimic-fn/2.1.0:
    resolution: {integrity: sha512-OqbOk5oEQeAZ8WXWydlu9HJjz9WVdEIvamMCcXmuqUYjTknH/sqsWvhQ3vgwKFRR1HpjvNBKQ37nbJgYzGqGcg==}
    engines: {node: '>=6'}
    dev: true

  /mute-stream/0.0.8:
    resolution: {integrity: sha512-nnbWWOkoWyUsTjKrhgD0dcz22mdkSnpYqbEjIm2nhwhuxlSkpywJmBo8h0ZqJdkp73mb90SssHkN4rsRaBAfAA==}
    dev: true

  /onetime/5.1.2:
    resolution: {integrity: sha512-kbpaSSGJTWdAY5KPVeMOKXSrPtr8C8C7wodJbcsd51jRnmD+GZu8Y0VoU6Dm5Z4vWr0Ig/1NKuWRKf7j5aaYSg==}
    engines: {node: '>=6'}
    dependencies:
      mimic-fn: 2.1.0
    dev: true

  /ora/4.1.1:
    resolution: {integrity: sha512-sjYP8QyVWBpBZWD6Vr1M/KwknSw6kJOz41tvGMlwWeClHBtYKTbHMki1PsLZnxKpXMPbTKv9b3pjQu3REib96A==}
    engines: {node: '>=8'}
    dependencies:
      chalk: 3.0.0
      cli-cursor: 3.1.0
      cli-spinners: 2.7.0
      is-interactive: 1.0.0
      log-symbols: 3.0.0
      mute-stream: 0.0.8
      strip-ansi: 6.0.1
      wcwidth: 1.0.1
    dev: true

  /randombytes/2.1.0:
    resolution: {integrity: sha512-vYl3iOX+4CKUWuxGi9Ukhie6fsqXqS9FE2Zaic4tNFD2N2QQaXOMFbuKK4QmDHC0JO6B1Zp41J0LpT0oR68amQ==}
    dependencies:
      safe-buffer: 5.2.1
    dev: true

  /restore-cursor/3.1.0:
    resolution: {integrity: sha512-l+sSefzHpj5qimhFSE5a8nufZYAM3sBSVMAPtYkmC+4EH2anSGaEMXSD0izRQbu9nfyQ9y5JrVmp7E8oZrUjvA==}
    engines: {node: '>=8'}
    dependencies:
      onetime: 5.1.2
      signal-exit: 3.0.7
    dev: true

  /rollup/3.15.0:
    resolution: {integrity: sha512-F9hrCAhnp5/zx/7HYmftvsNBkMfLfk/dXUh73hPSM2E3CRgap65orDNJbLetoiUFwSAk6iHPLvBrZ5iHYvzqsg==}
    engines: {node: '>=14.18.0', npm: '>=8.0.0'}
    hasBin: true
    optionalDependencies:
      fsevents: 2.3.2
    dev: true

  /safe-buffer/5.2.1:
    resolution: {integrity: sha512-rp3So07KcdmmKbGvgaNxQSJr7bGVSVk5S9Eq1F+ppbRo70+YeaDxkw5Dd8NPN+GD6bjnYm2VuPuCXmpuYvmCXQ==}
    dev: true

  /serialize-javascript/6.0.1:
    resolution: {integrity: sha512-owoXEFjWRllis8/M1Q+Cw5k8ZH40e3zhp/ovX+Xr/vi1qj6QesbyXXViFbpNvWvPNAD62SutwEXavefrLJWj7w==}
    dependencies:
      randombytes: 2.1.0
    dev: true

  /signal-exit/3.0.7:
    resolution: {integrity: sha512-wnD2ZE+l+SPC/uoS0vXeE9L1+0wuaMqKlfz9AMUo38JsyLSBWSFcHR1Rri62LZc12vLr1gb3jl7iwQhgwpAbGQ==}
    dev: true

  /smob/0.0.6:
    resolution: {integrity: sha512-V21+XeNni+tTyiST1MHsa84AQhT1aFZipzPpOFAVB8DkHzwJyjjAmt9bgwnuZiZWnIbMo2duE29wybxv/7HWUw==}
    dev: true

  /source-map-support/0.5.21:
    resolution: {integrity: sha512-uBHU3L3czsIyYXKX88fdrGovxdSCoTGDRZ6SYXtSRxLZUzHg5P/66Ht6uoUlHu9EZod+inXhKo3qQgwXUT/y1w==}
    dependencies:
      buffer-from: 1.1.2
      source-map: 0.6.1
    dev: true

  /source-map/0.6.1:
    resolution: {integrity: sha512-UjgapumWlbMhkBgzT7Ykc5YXUT46F0iKu8SGXq0bcwP5dz/h0Plj6enJqjz1Zbq2l5WaqYnrVbwWOWMyF3F47g==}
    engines: {node: '>=0.10.0'}
    dev: true

  /strip-ansi/6.0.1:
    resolution: {integrity: sha512-Y38VPSHcqkFrCpFnQ9vuSXmquuv5oXOKpGeT6aGrr3o3Gc9AlVa6JBfUSOCnbxGGZF+/0ooI7KrPuUSztUdU5A==}
    engines: {node: '>=8'}
    dependencies:
      ansi-regex: 5.0.1
    dev: true

  /supports-color/5.5.0:
    resolution: {integrity: sha512-QjVjwdXIt408MIiAqCX4oUKsgU2EqAGzs2Ppkm4aQYbjm+ZEWEcW4SfFNTr4uMNZma0ey4f5lgLrkB0aX0QMow==}
    engines: {node: '>=4'}
    dependencies:
      has-flag: 3.0.0
    dev: true

  /supports-color/7.2.0:
    resolution: {integrity: sha512-qpCAvRl9stuOHveKsn7HncJRvv501qIacKzQlO/+Lwxc9+0q2wLyv4Dfvt80/DPn2pqOBsJdDiogXGR9+OvwRw==}
    engines: {node: '>=8'}
    dependencies:
      has-flag: 4.0.0
    dev: true

  /terser/5.16.3:
    resolution: {integrity: sha512-v8wWLaS/xt3nE9dgKEWhNUFP6q4kngO5B8eYFUuebsu7Dw/UNAnpUod6UHo04jSSkv8TzKHjZDSd7EXdDQAl8Q==}
    engines: {node: '>=10'}
    hasBin: true
    dependencies:
      '@jridgewell/source-map': 0.3.2
      acorn: 8.8.2
      commander: 2.20.3
      source-map-support: 0.5.21
    dev: true

  /ts-node/10.9.1_4bewfcp2iebiwuold25d6rgcsy:
    resolution: {integrity: sha512-NtVysVPkxxrwFGUUxGYhfux8k78pQB3JqYBXlLRZgdGUqTO5wU/UyHop5p70iEbGhB7q5KmiZiU0Y3KlJrScEw==}
    hasBin: true
    peerDependencies:
      '@swc/core': '>=1.2.50'
      '@swc/wasm': '>=1.2.50'
      '@types/node': '*'
      typescript: '>=2.7'
    peerDependenciesMeta:
      '@swc/core':
        optional: true
      '@swc/wasm':
        optional: true
    dependencies:
      '@cspotcode/source-map-support': 0.8.1
      '@tsconfig/node10': 1.0.9
      '@tsconfig/node12': 1.0.11
      '@tsconfig/node14': 1.0.3
      '@tsconfig/node16': 1.0.3
      '@types/node': 18.13.0
      acorn: 8.8.2
      acorn-walk: 8.2.0
      arg: 4.1.3
      create-require: 1.1.1
      diff: 4.0.2
      make-error: 1.3.6
      typescript: 4.9.5
      v8-compile-cache-lib: 3.0.1
      yn: 3.1.1
    dev: true

  /typescript/4.9.5:
    resolution: {integrity: sha512-1FXk9E2Hm+QzZQ7z+McJiHL4NW1F2EzMu9Nq9i3zAaGqibafqYwCVU6WyWAuyQRRzOlxou8xZSyXLEN8oKj24g==}
    engines: {node: '>=4.2.0'}
    hasBin: true
    dev: true

  /v8-compile-cache-lib/3.0.1:
    resolution: {integrity: sha512-wa7YjyUGfNZngI/vtK0UHAN+lgDCxBPCylVXGp0zu59Fz5aiGtNXaq3DhIov063MorB+VfufLh3JlF2KdTK3xg==}
    dev: true

  /wcwidth/1.0.1:
    resolution: {integrity: sha512-XHPEwS0q6TaxcvG85+8EYkbiCux2XtWG2mkc47Ng2A77BQu9+DqIOJldST4HgPkuea7dvKSj5VgX3P1d4rW8Tg==}
    dependencies:
      defaults: 1.0.4
    dev: true

  /yn/3.1.1:
    resolution: {integrity: sha512-Ux4ygGWsu2c7isFWe8Yu1YluJmqVhxqK2cLXNQA5AcC3QfbGNpM7fu0Y8b/z16pXLnFxZYvWhd3fhBY9DLmC6Q==}
    engines: {node: '>=6'}
    dev: true
